
Microsoft Visual Studio Solution File, Format Version 12.00
# Visual Studio Version 16
VisualStudioVersion = 16.0.29613.14
MinimumVisualStudioVersion = 10.0.40219.1
Project("{FAE04EC0-301F-11D3-BF4B-00C04F79EFBC}") = "Identikit", "Identikit.csproj", "{C82F8DAB-1D2A-445B-B4BC-CDBCE722A1F6}"
EndProject
Global
	GlobalSection(SolutionConfigurationPlatforms) = preSolution
		Debug|Any CPU = Debug|Any CPU
		Release|Any CPU = Release|Any CPU
	EndGlobalSection
	GlobalSection(ProjectConfigurationPlatforms) = postSolution
		{C82F8DAB-1D2A-445B-B4BC-CDBCE722A1F6}.Debug|Any CPU.ActiveCfg = Debug|Any CPU
		{C82F8DAB-1D2A-445B-B4BC-CDBCE722A1F6}.Debug|Any CPU.Build.0 = Debug|Any CPU
		{C82F8DAB-1D2A-445B-B4BC-CDBCE722A1F6}.Release|Any CPU.ActiveCfg = Release|Any CPU
		{C82F8DAB-1D2A-445B-B4BC-CDBCE722A1F6}.Release|Any CPU.Build.0 = Release|Any CPU
	EndGlobalSection
	GlobalSection(SolutionProperties) = preSolution
		HideSolutionNode = FALSE
	EndGlobalSection
	GlobalSection(ExtensibilityGlobals) = postSolution
		SolutionGuid = {A7FC6C1C-F28C-49F2-945C-5F792D0BAF1C}
	EndGlobalSection
EndGlobal
