
Microsoft Visual Studio Solution File, Format Version 12.00
# Visual Studio Version 16
VisualStudioVersion = 16.0.29613.14
MinimumVisualStudioVersion = 10.0.40219.1
Project("{FAE04EC0-301F-11D3-BF4B-00C04F79EFBC}") = "05_Calculator", "05_Calculator.csproj", "{4BD26264-9C82-480A-8BB1-97985AB7D288}"
EndProject
Global
	GlobalSection(SolutionConfigurationPlatforms) = preSolution
		Debug|Any CPU = Debug|Any CPU
		Release|Any CPU = Release|Any CPU
	EndGlobalSection
	GlobalSection(ProjectConfigurationPlatforms) = postSolution
		{4BD26264-9C82-480A-8BB1-97985AB7D288}.Debug|Any CPU.ActiveCfg = Debug|Any CPU
		{4BD26264-9C82-480A-8BB1-97985AB7D288}.Debug|Any CPU.Build.0 = Debug|Any CPU
		{4BD26264-9C82-480A-8BB1-97985AB7D288}.Release|Any CPU.ActiveCfg = Release|Any CPU
		{4BD26264-9C82-480A-8BB1-97985AB7D288}.Release|Any CPU.Build.0 = Release|Any CPU
	EndGlobalSection
	GlobalSection(SolutionProperties) = preSolution
		HideSolutionNode = FALSE
	EndGlobalSection
	GlobalSection(ExtensibilityGlobals) = postSolution
		SolutionGuid = {F8A5EBC6-5AC5-47EF-BA4C-927BB79D358A}
	EndGlobalSection
EndGlobal
