
Microsoft Visual Studio Solution File, Format Version 12.00
# Visual Studio Version 16
VisualStudioVersion = 16.0.29613.14
MinimumVisualStudioVersion = 10.0.40219.1
Project("{FAE04EC0-301F-11D3-BF4B-00C04F79EFBC}") = "Chess", "Chess.csproj", "{233F9E6F-02EB-47F2-A851-B155480EECBD}"
EndProject
Global
	GlobalSection(SolutionConfigurationPlatforms) = preSolution
		Debug|Any CPU = Debug|Any CPU
		Release|Any CPU = Release|Any CPU
	EndGlobalSection
	GlobalSection(ProjectConfigurationPlatforms) = postSolution
		{233F9E6F-02EB-47F2-A851-B155480EECBD}.Debug|Any CPU.ActiveCfg = Debug|Any CPU
		{233F9E6F-02EB-47F2-A851-B155480EECBD}.Debug|Any CPU.Build.0 = Debug|Any CPU
		{233F9E6F-02EB-47F2-A851-B155480EECBD}.Release|Any CPU.ActiveCfg = Release|Any CPU
		{233F9E6F-02EB-47F2-A851-B155480EECBD}.Release|Any CPU.Build.0 = Release|Any CPU
	EndGlobalSection
	GlobalSection(SolutionProperties) = preSolution
		HideSolutionNode = FALSE
	EndGlobalSection
	GlobalSection(ExtensibilityGlobals) = postSolution
		SolutionGuid = {965F2C54-1521-494A-AA53-F8F85FC48DC9}
	EndGlobalSection
EndGlobal
