
Microsoft Visual Studio Solution File, Format Version 12.00
# Visual Studio Version 16
VisualStudioVersion = 16.0.29613.14
MinimumVisualStudioVersion = 10.0.40219.1
Project("{FAE04EC0-301F-11D3-BF4B-00C04F79EFBC}") = "TextFileEditor", "TextFileEditor.csproj", "{48C81025-48A3-4BC2-A331-0FA443114054}"
EndProject
Global
	GlobalSection(SolutionConfigurationPlatforms) = preSolution
		Debug|Any CPU = Debug|Any CPU
		Release|Any CPU = Release|Any CPU
	EndGlobalSection
	GlobalSection(ProjectConfigurationPlatforms) = postSolution
		{48C81025-48A3-4BC2-A331-0FA443114054}.Debug|Any CPU.ActiveCfg = Debug|Any CPU
		{48C81025-48A3-4BC2-A331-0FA443114054}.Debug|Any CPU.Build.0 = Debug|Any CPU
		{48C81025-48A3-4BC2-A331-0FA443114054}.Release|Any CPU.ActiveCfg = Release|Any CPU
		{48C81025-48A3-4BC2-A331-0FA443114054}.Release|Any CPU.Build.0 = Release|Any CPU
	EndGlobalSection
	GlobalSection(SolutionProperties) = preSolution
		HideSolutionNode = FALSE
	EndGlobalSection
	GlobalSection(ExtensibilityGlobals) = postSolution
		SolutionGuid = {7CC85DB9-F9A1-4359-A5D7-5D165929959F}
	EndGlobalSection
EndGlobal
