
Microsoft Visual Studio Solution File, Format Version 12.00
# Visual Studio Version 16
VisualStudioVersion = 16.0.29613.14
MinimumVisualStudioVersion = 10.0.40219.1
Project("{FAE04EC0-301F-11D3-BF4B-00C04F79EFBC}") = "SalesAudit", "SalesAudit.csproj", "{D823280E-5606-491C-962B-136BADBF50F8}"
EndProject
Global
	GlobalSection(SolutionConfigurationPlatforms) = preSolution
		Debug|Any CPU = Debug|Any CPU
		Release|Any CPU = Release|Any CPU
	EndGlobalSection
	GlobalSection(ProjectConfigurationPlatforms) = postSolution
		{D823280E-5606-491C-962B-136BADBF50F8}.Debug|Any CPU.ActiveCfg = Debug|Any CPU
		{D823280E-5606-491C-962B-136BADBF50F8}.Debug|Any CPU.Build.0 = Debug|Any CPU
		{D823280E-5606-491C-962B-136BADBF50F8}.Release|Any CPU.ActiveCfg = Release|Any CPU
		{D823280E-5606-491C-962B-136BADBF50F8}.Release|Any CPU.Build.0 = Release|Any CPU
	EndGlobalSection
	GlobalSection(SolutionProperties) = preSolution
		HideSolutionNode = FALSE
	EndGlobalSection
	GlobalSection(ExtensibilityGlobals) = postSolution
		SolutionGuid = {116BFDC6-8050-4618-987E-EF40090A9118}
	EndGlobalSection
EndGlobal
