
Microsoft Visual Studio Solution File, Format Version 12.00
# Visual Studio Version 16
VisualStudioVersion = 16.0.29613.14
MinimumVisualStudioVersion = 10.0.40219.1
Project("{FAE04EC0-301F-11D3-BF4B-00C04F79EFBC}") = "RichTextEditor", "RichTextEditor.csproj", "{E4C996EB-3FB6-4CB0-A509-91EBD976276F}"
EndProject
Global
	GlobalSection(SolutionConfigurationPlatforms) = preSolution
		Debug|Any CPU = Debug|Any CPU
		Release|Any CPU = Release|Any CPU
	EndGlobalSection
	GlobalSection(ProjectConfigurationPlatforms) = postSolution
		{E4C996EB-3FB6-4CB0-A509-91EBD976276F}.Debug|Any CPU.ActiveCfg = Debug|Any CPU
		{E4C996EB-3FB6-4CB0-A509-91EBD976276F}.Debug|Any CPU.Build.0 = Debug|Any CPU
		{E4C996EB-3FB6-4CB0-A509-91EBD976276F}.Release|Any CPU.ActiveCfg = Release|Any CPU
		{E4C996EB-3FB6-4CB0-A509-91EBD976276F}.Release|Any CPU.Build.0 = Release|Any CPU
	EndGlobalSection
	GlobalSection(SolutionProperties) = preSolution
		HideSolutionNode = FALSE
	EndGlobalSection
	GlobalSection(ExtensibilityGlobals) = postSolution
		SolutionGuid = {C2834849-AC74-401C-9681-AFB3E9DA6BFE}
	EndGlobalSection
EndGlobal
