
Microsoft Visual Studio Solution File, Format Version 12.00
# Visual Studio Version 16
VisualStudioVersion = 16.0.29609.76
MinimumVisualStudioVersion = 10.0.40219.1
Project("{FAE04EC0-301F-11D3-BF4B-00C04F79EFBC}") = "WinForms_05_RunStatic", "WinForms_05_RunStatic.csproj", "{27490190-789A-4F08-B3E4-B9F981915BDE}"
EndProject
Global
	GlobalSection(SolutionConfigurationPlatforms) = preSolution
		Debug|Any CPU = Debug|Any CPU
		Release|Any CPU = Release|Any CPU
	EndGlobalSection
	GlobalSection(ProjectConfigurationPlatforms) = postSolution
		{27490190-789A-4F08-B3E4-B9F981915BDE}.Debug|Any CPU.ActiveCfg = Debug|Any CPU
		{27490190-789A-4F08-B3E4-B9F981915BDE}.Debug|Any CPU.Build.0 = Debug|Any CPU
		{27490190-789A-4F08-B3E4-B9F981915BDE}.Release|Any CPU.ActiveCfg = Release|Any CPU
		{27490190-789A-4F08-B3E4-B9F981915BDE}.Release|Any CPU.Build.0 = Release|Any CPU
	EndGlobalSection
	GlobalSection(SolutionProperties) = preSolution
		HideSolutionNode = FALSE
	EndGlobalSection
	GlobalSection(ExtensibilityGlobals) = postSolution
		SolutionGuid = {98481EF8-C6C9-4676-8CAD-979180373D42}
	EndGlobalSection
EndGlobal
