
Microsoft Visual Studio Solution File, Format Version 12.00
# Visual Studio Version 16
VisualStudioVersion = 16.0.29613.14
MinimumVisualStudioVersion = 10.0.40219.1
Project("{FAE04EC0-301F-11D3-BF4B-00C04F79EFBC}") = "1_EvenOdd", "1_EvenOdd.csproj", "{5A3EA459-AD35-4018-BBFC-B60F12ABDF6B}"
EndProject
Global
	GlobalSection(SolutionConfigurationPlatforms) = preSolution
		Debug|Any CPU = Debug|Any CPU
		Release|Any CPU = Release|Any CPU
	EndGlobalSection
	GlobalSection(ProjectConfigurationPlatforms) = postSolution
		{5A3EA459-AD35-4018-BBFC-B60F12ABDF6B}.Debug|Any CPU.ActiveCfg = Debug|Any CPU
		{5A3EA459-AD35-4018-BBFC-B60F12ABDF6B}.Debug|Any CPU.Build.0 = Debug|Any CPU
		{5A3EA459-AD35-4018-BBFC-B60F12ABDF6B}.Release|Any CPU.ActiveCfg = Release|Any CPU
		{5A3EA459-AD35-4018-BBFC-B60F12ABDF6B}.Release|Any CPU.Build.0 = Release|Any CPU
	EndGlobalSection
	GlobalSection(SolutionProperties) = preSolution
		HideSolutionNode = FALSE
	EndGlobalSection
	GlobalSection(ExtensibilityGlobals) = postSolution
		SolutionGuid = {3403F3AA-0C65-452B-A7E5-7B5CF51650D2}
	EndGlobalSection
EndGlobal
